github.com/PuerkitoBio/purell v1.1.1 h1:WEQqlqaGbrPkxLJWfBwQmfEAE1Z7ONdDLqrN38tNFfI=
github.com/PuerkitoBio/purell v1.1.1/go.mod h1:c11w/QuzBsJSee3cPx9rAFu61PvFxuPbtSwDGJws/X0=
github.com/PuerkitoBio/urlesc v0.0.0-20170810143723-de5bf2ad4578 h1:d+Bc7a5rLufV/sSk/8dngufqelfh6jnri85riMAaF/M=
github.com/PuerkitoBio/urlesc v0.0.0-20170810143723-de5bf2ad4578/go.mod h1:uGdkoq3SwY9Y+13GIhn11/XLaGBb4BfwItxLd5jeuXE=
github.com/apsdehal/go-logger v0.0.0-20190515212710-b0d6ccfee0e6 h1:qISSdUEX4sjDHfdD/vf65fhuCh3pIhiILDB7ktjJrqU=
github.com/apsdehal/go-logger v0.0.0-20190515212710-b0d6ccfee0e6/go.mod h1:U3/8D6R9+bVpX0ORZjV+3mU9pQ86m7h1lESgJbXNvXA=
github.com/google/go-cmp v0.5.1/go.mod h1:v8dTdLbMG2kIc/vJvl+f65V22dbkXbowE6jgT/gNBxE=
github.com/goware/urlx v0.3.1 h1:BbvKl8oiXtJAzOzMqAQ0GfIhf96fKeNEZfm9ocNSUBI=
github.com/goware/urlx v0.3.1/go.mod h1:h8uwbJy68o+tQXCGZNa9D73WN8n0r9OBae5bUnLcgjw=
github.com/scizorman/go-ndjson v0.0.0-20200902005011-1d92486df71e h1:irVMZAXAG3l2RXnj0AUEQO5hTYmIEHu0usaYQrOdlco=
github.com/scizorman/go-ndjson v0.0.0-20200902005011-1d92486df71e/go.mod h1:LoK3vOi95qRhyyu7Y7SnZBTTw2x7YQyvmOQC3HNbc+8=
golang.org/x/net v0.0.0-20190213061140-3a22650c66bd h1:HuTn7WObtcDo9uEEU7rEqL0jYthdXAmZ6PP+meazmaU=
golang.org/x/net v0.0.0-20190213061140-3a22650c66bd/go.mod h1:mL1N/T3taQHkDXs73rZJwtUhF3w3ftmwwsq0BUmARs4=
golang.org/x/text v0.3.0 h1:g61tztE5qeGQ89tm6NTjjM9VPIm088od1l6aSorWRWg=
golang.org/x/text v0.3.0/go.mod h1:NqM8EUOU14njkJ3fqMW+pc6Ldnwhi/IjpwHt7yyuwOQ=
golang.org/x/xerrors v0.0.0-20191204190536-9bdfabe68543/go.mod h1:I/5z698sn9Ka8TeJc9MKroUUfqBBauWjQqLJ2OPfmY0=
